
Microsoft Visual Studio Solution File, Format Version 12.00
# Visual Studio Version 17
VisualStudioVersion = 17.5.002.0
MinimumVisualStudioVersion = 10.0.40219.1
Project("{9A19103F-16F7-4668-BE54-9A1E7A4F7556}") = "WinBio", "WinBio.csproj", "{01CCE0BF-31D6-461F-8DE7-9A1BED94CC5D}"
EndProject
Global
	GlobalSection(SolutionConfigurationPlatforms) = preSolution
		Debug|Any CPU = Debug|Any CPU
		Release|Any CPU = Release|Any CPU
	EndGlobalSection
	GlobalSection(ProjectConfigurationPlatforms) = postSolution
		{01CCE0BF-31D6-461F-8DE7-9A1BED94CC5D}.Debug|Any CPU.ActiveCfg = Debug|Any CPU
		{01CCE0BF-31D6-461F-8DE7-9A1BED94CC5D}.Debug|Any CPU.Build.0 = Debug|Any CPU
		{01CCE0BF-31D6-461F-8DE7-9A1BED94CC5D}.Release|Any CPU.ActiveCfg = Release|Any CPU
		{01CCE0BF-31D6-461F-8DE7-9A1BED94CC5D}.Release|Any CPU.Build.0 = Release|Any CPU
	EndGlobalSection
	GlobalSection(SolutionProperties) = preSolution
		HideSolutionNode = FALSE
	EndGlobalSection
	GlobalSection(ExtensibilityGlobals) = postSolution
		SolutionGuid = {3F1FFD20-067A-4D93-A9E8-891BFCAC45CF}
	EndGlobalSection
EndGlobal
